// !$*UTF8*$!
{
	archiveVersion = 1;
	classes = {
	};
	objectVersion = 56;
	objects = {

/* Begin PBXBuildFile section */
		41346FEF2C0308E1008CED23 /* AppDelegate.swift in Sources */ = {isa = PBXBuildFile; fileRef = 41346FEE2C0308E1008CED23 /* AppDelegate.swift */; };
		41346FF12C0308E1008CED23 /* SceneDelegate.swift in Sources */ = {isa = PBXBuildFile; fileRef = 41346FF02C0308E1008CED23 /* SceneDelegate.swift */; };
		41346FF32C0308E1008CED23 /* ViewController.swift in Sources */ = {isa = PBXBuildFile; fileRef = 41346FF22C0308E1008CED23 /* ViewController.swift */; };
		41346FF62C0308E1008CED23 /* Base in Resources */ = {isa = PBXBuildFile; fileRef = 41346FF52C0308E1008CED23 /* Base */; };
		41346FF82C0308E5008CED23 /* Assets.xcassets in Resources */ = {isa = PBXBuildFile; fileRef = 41346FF72C0308E5008CED23 /* Assets.xcassets */; };
		41346FFB2C0308E5008CED23 /* Base in Resources */ = {isa = PBXBuildFile; fileRef = 41346FFA2C0308E5008CED23 /* Base */; };
		413470062C0308E6008CED23 /* ToDoListApp2024Tests.swift in Sources */ = {isa = PBXBuildFile; fileRef = 413470052C0308E6008CED23 /* ToDoListApp2024Tests.swift */; };
		413470102C0308E7008CED23 /* ToDoListApp2024UITests.swift in Sources */ = {isa = PBXBuildFile; fileRef = 4134700F2C0308E7008CED23 /* ToDoListApp2024UITests.swift */; };
		413470122C0308E7008CED23 /* ToDoListApp2024UITestsLaunchTests.swift in Sources */ = {isa = PBXBuildFile; fileRef = 413470112C0308E7008CED23 /* ToDoListApp2024UITestsLaunchTests.swift */; };
/* End PBXBuildFile section */

/* Begin PBXContainerItemProxy section */
		413470022C0308E6008CED23 /* PBXContainerItemProxy */ = {
			isa = PBXContainerItemProxy;
			containerPortal = 41346FE32C0308E1008CED23 /* Project object */;
			proxyType = 1;
			remoteGlobalIDString = 41346FEA2C0308E1008CED23;
			remoteInfo = ToDoListApp2024;
		};
		4134700C2C0308E6008CED23 /* PBXContainerItemProxy */ = {
			isa = PBXContainerItemProxy;
			containerPortal = 41346FE32C0308E1008CED23 /* Project object */;
			proxyType = 1;
			remoteGlobalIDString = 41346FEA2C0308E1008CED23;
			remoteInfo = ToDoListApp2024;
		};
/* End PBXContainerItemProxy section */

/* Begin PBXFileReference section */
		41346FEB2C0308E1008CED23 /* ToDoListApp2024.app */ = {isa = PBXFileReference; explicitFileType = wrapper.application; includeInIndex = 0; path = ToDoListApp2024.app; sourceTree = BUILT_PRODUCTS_DIR; };
		41346FEE2C0308E1008CED23 /* AppDelegate.swift */ = {isa = PBXFileReference; lastKnownFileType = sourcecode.swift; path = AppDelegate.swift; sourceTree = "<group>"; };
		41346FF02C0308E1008CED23 /* SceneDelegate.swift */ = {isa = PBXFileReference; lastKnownFileType = sourcecode.swift; path = SceneDelegate.swift; sourceTree = "<group>"; };
		41346FF22C0308E1008CED23 /* ViewController.swift */ = {isa = PBXFileReference; lastKnownFileType = sourcecode.swift; path = ViewController.swift; sourceTree = "<group>"; };
		41346FF52C0308E1008CED23 /* Base */ = {isa = PBXFileReference; lastKnownFileType = file.storyboard; name = Base; path = Base.lproj/Main.storyboard; sourceTree = "<group>"; };
		41346FF72C0308E5008CED23 /* Assets.xcassets */ = {isa = PBXFileReference; lastKnownFileType = folder.assetcatalog; path = Assets.xcassets; sourceTree = "<group>"; };
		41346FFA2C0308E5008CED23 /* Base */ = {isa = PBXFileReference; lastKnownFileType = file.storyboard; name = Base; path = Base.lproj/LaunchScreen.storyboard; sourceTree = "<group>"; };
		41346FFC2C0308E5008CED23 /* Info.plist */ = {isa = PBXFileReference; lastKnownFileType = text.plist.xml; path = Info.plist; sourceTree = "<group>"; };
		413470012C0308E6008CED23 /* ToDoListApp2024Tests.xctest */ = {isa = PBXFileReference; explicitFileType = wrapper.cfbundle; includeInIndex = 0; path = ToDoListApp2024Tests.xctest; sourceTree = BUILT_PRODUCTS_DIR; };
		413470052C0308E6008CED23 /* ToDoListApp2024Tests.swift */ = {isa = PBXFileReference; lastKnownFileType = sourcecode.swift; path = ToDoListApp2024Tests.swift; sourceTree = "<group>"; };
		4134700B2C0308E6008CED23 /* ToDoListApp2024UITests.xctest */ = {isa = PBXFileReference; explicitFileType = wrapper.cfbundle; includeInIndex = 0; path = ToDoListApp2024UITests.xctest; sourceTree = BUILT_PRODUCTS_DIR; };
		4134700F2C0308E7008CED23 /* ToDoListApp2024UITests.swift */ = {isa = PBXFileReference; lastKnownFileType = sourcecode.swift; path = ToDoListApp2024UITests.swift; sourceTree = "<group>"; };
		413470112C0308E7008CED23 /* ToDoListApp2024UITestsLaunchTests.swift */ = {isa = PBXFileReference; lastKnownFileType = sourcecode.swift; path = ToDoListApp2024UITestsLaunchTests.swift; sourceTree = "<group>"; };
/* End PBXFileReference section */

/* Begin PBXFrameworksBuildPhase section */
		41346FE82C0308E1008CED23 /* Frameworks */ = {
			isa = PBXFrameworksBuildPhase;
			buildActionMask = 2147483647;
			files = (
			);
			runOnlyForDeploymentPostprocessing = 0;
		};
		41346FFE2C0308E6008CED23 /* Frameworks */ = {
			isa = PBXFrameworksBuildPhase;
			buildActionMask = 2147483647;
			files = (
			);
			runOnlyForDeploymentPostprocessing = 0;
		};
		413470082C0308E6008CED23 /* Frameworks */ = {
			isa = PBXFrameworksBuildPhase;
			buildActionMask = 2147483647;
			files = (
			);
			runOnlyForDeploymentPostprocessing = 0;
		};
/* End PBXFrameworksBuildPhase section */

/* Begin PBXGroup section */
		41346FE22C0308E1008CED23 = {
			isa = PBXGroup;
			children = (
				41346FED2C0308E1008CED23 /* ToDoListApp2024 */,
				413470042C0308E6008CED23 /* ToDoListApp2024Tests */,
				4134700E2C0308E6008CED23 /* ToDoListApp2024UITests */,
				41346FEC2C0308E1008CED23 /* Products */,
			);
			sourceTree = "<group>";
		};
		41346FEC2C0308E1008CED23 /* Products */ = {
			isa = PBXGroup;
			children = (
				41346FEB2C0308E1008CED23 /* ToDoListApp2024.app */,
				413470012C0308E6008CED23 /* ToDoListApp2024Tests.xctest */,
				4134700B2C0308E6008CED23 /* ToDoListApp2024UITests.xctest */,
			);
			name = Products;
			sourceTree = "<group>";
		};
		41346FED2C0308E1008CED23 /* ToDoListApp2024 */ = {
			isa = PBXGroup;
			children = (
				41346FEE2C0308E1008CED23 /* AppDelegate.swift */,
				41346FF02C0308E1008CED23 /* SceneDelegate.swift */,
				41346FF22C0308E1008CED23 /* ViewController.swift */,
				41346FF42C0308E1008CED23 /* Main.storyboard */,
				41346FF72C0308E5008CED23 /* Assets.xcassets */,
				41346FF92C0308E5008CED23 /* LaunchScreen.storyboard */,
				41346FFC2C0308E5008CED23 /* Info.plist */,
			);
			path = ToDoListApp2024;
			sourceTree = "<group>";
		};
		413470042C0308E6008CED23 /* ToDoListApp2024Tests */ = {
			isa = PBXGroup;
			children = (
				413470052C0308E6008CED23 /* ToDoListApp2024Tests.swift */,
			);
			path = ToDoListApp2024Tests;
			sourceTree = "<group>";
		};
		4134700E2C0308E6008CED23 /* ToDoListApp2024UITests */ = {
			isa = PBXGroup;
			children = (
				4134700F2C0308E7008CED23 /* ToDoListApp2024UITests.swift */,
				413470112C0308E7008CED23 /* ToDoListApp2024UITestsLaunchTests.swift */,
			);
			path = ToDoListApp2024UITests;
			sourceTree = "<group>";
		};
/* End PBXGroup section */

/* Begin PBXNativeTarget section */
		41346FEA2C0308E1008CED23 /* ToDoListApp2024 */ = {
			isa = PBXNativeTarget;
			buildConfigurationList = 413470152C0308E7008CED23 /* Build configuration list for PBXNativeTarget "ToDoListApp2024" */;
			buildPhases = (
				41346FE72C0308E1008CED23 /* Sources */,
				41346FE82C0308E1008CED23 /* Frameworks */,
				41346FE92C0308E1008CED23 /* Resources */,
			);
			buildRules = (
			);
			dependencies = (
			);
			name = ToDoListApp2024;
			productName = ToDoListApp2024;
			productReference = 41346FEB2C0308E1008CED23 /* ToDoListApp2024.app */;
			productType = "com.apple.product-type.application";
		};
		413470002C0308E6008CED23 /* ToDoListApp2024Tests */ = {
			isa = PBXNativeTarget;
			buildConfigurationList = 413470182C0308E7008CED23 /* Build configuration list for PBXNativeTarget "ToDoListApp2024Tests" */;
			buildPhases = (
				41346FFD2C0308E6008CED23 /* Sources */,
				41346FFE2C0308E6008CED23 /* Frameworks */,
				41346FFF2C0308E6008CED23 /* Resources */,
			);
			buildRules = (
			);
			dependencies = (
				413470032C0308E6008CED23 /* PBXTargetDependency */,
			);
			name = ToDoListApp2024Tests;
			productName = ToDoListApp2024Tests;
			productReference = 413470012C0308E6008CED23 /* ToDoListApp2024Tests.xctest */;
			productType = "com.apple.product-type.bundle.unit-test";
		};
		4134700A2C0308E6008CED23 /* ToDoListApp2024UITests */ = {
			isa = PBXNativeTarget;
			buildConfigurationList = 4134701B2C0308E7008CED23 /* Build configuration list for PBXNativeTarget "ToDoListApp2024UITests" */;
			buildPhases = (
				413470072C0308E6008CED23 /* Sources */,
				413470082C0308E6008CED23 /* Frameworks */,
				413470092C0308E6008CED23 /* Resources */,
			);
			buildRules = (
			);
			dependencies = (
				4134700D2C0308E6008CED23 /* PBXTargetDependency */,
			);
			name = ToDoListApp2024UITests;
			productName = ToDoListApp2024UITests;
			productReference = 4134700B2C0308E6008CED23 /* ToDoListApp2024UITests.xctest */;
			productType = "com.apple.product-type.bundle.ui-testing";
		};
/* End PBXNativeTarget section */

/* Begin PBXProject section */
		41346FE32C0308E1008CED23 /* Project object */ = {
			isa = PBXProject;
			attributes = {
				BuildIndependentTargetsInParallel = 1;
				LastSwiftUpdateCheck = 1530;
				LastUpgradeCheck = 1530;
				TargetAttributes = {
					41346FEA2C0308E1008CED23 = {
						CreatedOnToolsVersion = 15.3;
					};
					413470002C0308E6008CED23 = {
						CreatedOnToolsVersion = 15.3;
						TestTargetID = 41346FEA2C0308E1008CED23;
					};
					4134700A2C0308E6008CED23 = {
						CreatedOnToolsVersion = 15.3;
						TestTargetID = 41346FEA2C0308E1008CED23;
					};
				};
			};
			buildConfigurationList = 41346FE62C0308E1008CED23 /* Build configuration list for PBXProject "ToDoListApp2024" */;
			compatibilityVersion = "Xcode 14.0";
			developmentRegion = en;
			hasScannedForEncodings = 0;
			knownRegions = (
				en,
				Base,
			);
			mainGroup = 41346FE22C0308E1008CED23;
			productRefGroup = 41346FEC2C0308E1008CED23 /* Products */;
			projectDirPath = "";
			projectRoot = "";
			targets = (
				41346FEA2C0308E1008CED23 /* ToDoListApp2024 */,
				413470002C0308E6008CED23 /* ToDoListApp2024Tests */,
				4134700A2C0308E6008CED23 /* ToDoListApp2024UITests */,
			);
		};
/* End PBXProject section */

/* Begin PBXResourcesBuildPhase section */
		41346FE92C0308E1008CED23 /* Resources */ = {
			isa = PBXResourcesBuildPhase;
			buildActionMask = 2147483647;
			files = (
				41346FF82C0308E5008CED23 /* Assets.xcassets in Resources */,
				41346FFB2C0308E5008CED23 /* Base in Resources */,
				41346FF62C0308E1008CED23 /* Base in Resources */,
			);
			runOnlyForDeploymentPostprocessing = 0;
		};
		41346FFF2C0308E6008CED23 /* Resources */ = {
			isa = PBXResourcesBuildPhase;
			buildActionMask = 2147483647;
			files = (
			);
			runOnlyForDeploymentPostprocessing = 0;
		};
		413470092C0308E6008CED23 /* Resources */ = {
			isa = PBXResourcesBuildPhase;
			buildActionMask = 2147483647;
			files = (
			);
			runOnlyForDeploymentPostprocessing = 0;
		};
/* End PBXResourcesBuildPhase section */

/* Begin PBXSourcesBuildPhase section */
		41346FE72C0308E1008CED23 /* Sources */ = {
			isa = PBXSourcesBuildPhase;
			buildActionMask = 2147483647;
			files = (
				41346FF32C0308E1008CED23 /* ViewController.swift in Sources */,
				41346FEF2C0308E1008CED23 /* AppDelegate.swift in Sources */,
				41346FF12C0308E1008CED23 /* SceneDelegate.swift in Sources */,
			);
			runOnlyForDeploymentPostprocessing = 0;
		};
		41346FFD2C0308E6008CED23 /* Sources */ = {
			isa = PBXSourcesBuildPhase;
			buildActionMask = 2147483647;
			files = (
				413470062C0308E6008CED23 /* ToDoListApp2024Tests.swift in Sources */,
			);
			runOnlyForDeploymentPostprocessing = 0;
		};
		413470072C0308E6008CED23 /* Sources */ = {
			isa = PBXSourcesBuildPhase;
			buildActionMask = 2147483647;
			files = (
				413470122C0308E7008CED23 /* ToDoListApp2024UITestsLaunchTests.swift in Sources */,
				413470102C0308E7008CED23 /* ToDoListApp2024UITests.swift in Sources */,
			);
			runOnlyForDeploymentPostprocessing = 0;
		};
/* End PBXSourcesBuildPhase section */

/* Begin PBXTargetDependency section */
		413470032C0308E6008CED23 /* PBXTargetDependency */ = {
			isa = PBXTargetDependency;
			target = 41346FEA2C0308E1008CED23 /* ToDoListApp2024 */;
			targetProxy = 413470022C0308E6008CED23 /* PBXContainerItemProxy */;
		};
		4134700D2C0308E6008CED23 /* PBXTargetDependency */ = {
			isa = PBXTargetDependency;
			target = 41346FEA2C0308E1008CED23 /* ToDoListApp2024 */;
			targetProxy = 4134700C2C0308E6008CED23 /* PBXContainerItemProxy */;
		};
/* End PBXTargetDependency section */

/* Begin PBXVariantGroup section */
		41346FF42C0308E1008CED23 /* Main.storyboard */ = {
			isa = PBXVariantGroup;
			children = (
				41346FF52C0308E1008CED23 /* Base */,
			);
			name = Main.storyboard;
			sourceTree = "<group>";
		};
		41346FF92C0308E5008CED23 /* LaunchScreen.storyboard */ = {
			isa = PBXVariantGroup;
			children = (
				41346FFA2C0308E5008CED23 /* Base */,
			);
			name = LaunchScreen.storyboard;
			sourceTree = "<group>";
		};
/* End PBXVariantGroup section */

/* Begin XCBuildConfiguration section */
		413470132C0308E7008CED23 /* Debug */ = {
			isa = XCBuildConfiguration;
			buildSettings = {
				ALWAYS_SEARCH_USER_PATHS = NO;
				ASSETCATALOG_COMPILER_GENERATE_SWIFT_ASSET_SYMBOL_EXTENSIONS = YES;
				CLANG_ANALYZER_NONNULL = YES;
				CLANG_ANALYZER_NUMBER_OBJECT_CONVERSION = YES_AGGRESSIVE;
				CLANG_CXX_LANGUAGE_STANDARD = "gnu++20";
				CLANG_ENABLE_MODULES = YES;
				CLANG_ENABLE_OBJC_ARC = YES;
				CLANG_ENABLE_OBJC_WEAK = YES;
				CLANG_WARN_BLOCK_CAPTURE_AUTORELEASING = YES;
				CLANG_WARN_BOOL_CONVERSION = YES;
				CLANG_WARN_COMMA = YES;
				CLANG_WARN_CONSTANT_CONVERSION = YES;
				CLANG_WARN_DEPRECATED_OBJC_IMPLEMENTATIONS = YES;
				CLANG_WARN_DIRECT_OBJC_ISA_USAGE = YES_ERROR;
				CLANG_WARN_DOCUMENTATION_COMMENTS = YES;
				CLANG_WARN_EMPTY_BODY = YES;
				CLANG_WARN_ENUM_CONVERSION = YES;
				CLANG_WARN_INFINITE_RECURSION = YES;
				CLANG_WARN_INT_CONVERSION = YES;
				CLANG_WARN_NON_LITERAL_NULL_CONVERSION = YES;
				CLANG_WARN_OBJC_IMPLICIT_RETAIN_SELF = YES;
				CLANG_WARN_OBJC_LITERAL_CONVERSION = YES;
				CLANG_WARN_OBJC_ROOT_CLASS = YES_ERROR;
				CLANG_WARN_QUOTED_INCLUDE_IN_FRAMEWORK_HEADER = YES;
				CLANG_WARN_RANGE_LOOP_ANALYSIS = YES;
				CLANG_WARN_STRICT_PROTOTYPES = YES;
				CLANG_WARN_SUSPICIOUS_MOVE = YES;
				CLANG_WARN_UNGUARDED_AVAILABILITY = YES_AGGRESSIVE;
				CLANG_WARN_UNREACHABLE_CODE = YES;
				CLANG_WARN__DUPLICATE_METHOD_MATCH = YES;
				COPY_PHASE_STRIP = NO;
				DEBUG_INFORMATION_FORMAT = dwarf;
				ENABLE_STRICT_OBJC_MSGSEND = YES;
				ENABLE_TESTABILITY = YES;
				ENABLE_USER_SCRIPT_SANDBOXING = YES;
				GCC_C_LANGUAGE_STANDARD = gnu17;
				GCC_DYNAMIC_NO_PIC = NO;
				GCC_NO_COMMON_BLOCKS = YES;
				GCC_OPTIMIZATION_LEVEL = 0;
				GCC_PREPROCESSOR_DEFINITIONS = (
					"DEBUG=1",
					"$(inherited)",
				);
				GCC_WARN_64_TO_32_BIT_CONVERSION = YES;
				GCC_WARN_ABOUT_RETURN_TYPE = YES_ERROR;
				GCC_WARN_UNDECLARED_SELECTOR = YES;
				GCC_WARN_UNINITIALIZED_AUTOS = YES_AGGRESSIVE;
				GCC_WARN_UNUSED_FUNCTION = YES;
				GCC_WARN_UNUSED_VARIABLE = YES;
				IPHONEOS_DEPLOYMENT_TARGET = 17.4;
				LOCALIZATION_PREFERS_STRING_CATALOGS = YES;
				MTL_ENABLE_DEBUG_INFO = INCLUDE_SOURCE;
				MTL_FAST_MATH = YES;
				ONLY_ACTIVE_ARCH = YES;
				SDKROOT = iphoneos;
				SWIFT_ACTIVE_COMPILATION_CONDITIONS = "DEBUG $(inherited)";
				SWIFT_OPTIMIZATION_LEVEL = "-Onone";
			};
			name = Debug;
		};
		413470142C0308E7008CED23 /* Release */ = {
			isa = XCBuildConfiguration;
			buildSettings = {
				ALWAYS_SEARCH_USER_PATHS = NO;
				ASSETCATALOG_COMPILER_GENERATE_SWIFT_ASSET_SYMBOL_EXTENSIONS = YES;
				CLANG_ANALYZER_NONNULL = YES;
				CLANG_ANALYZER_NUMBER_OBJECT_CONVERSION = YES_AGGRESSIVE;
				CLANG_CXX_LANGUAGE_STANDARD = "gnu++20";
				CLANG_ENABLE_MODULES = YES;
				CLANG_ENABLE_OBJC_ARC = YES;
				CLANG_ENABLE_OBJC_WEAK = YES;
				CLANG_WARN_BLOCK_CAPTURE_AUTORELEASING = YES;
				CLANG_WARN_BOOL_CONVERSION = YES;
				CLANG_WARN_COMMA = YES;
				CLANG_WARN_CONSTANT_CONVERSION = YES;
				CLANG_WARN_DEPRECATED_OBJC_IMPLEMENTATIONS = YES;
				CLANG_WARN_DIRECT_OBJC_ISA_USAGE = YES_ERROR;
				CLANG_WARN_DOCUMENTATION_COMMENTS = YES;
				CLANG_WARN_EMPTY_BODY = YES;
				CLANG_WARN_ENUM_CONVERSION = YES;
				CLANG_WARN_INFINITE_RECURSION = YES;
				CLANG_WARN_INT_CONVERSION = YES;
				CLANG_WARN_NON_LITERAL_NULL_CONVERSION = YES;
				CLANG_WARN_OBJC_IMPLICIT_RETAIN_SELF = YES;
				CLANG_WARN_OBJC_LITERAL_CONVERSION = YES;
				CLANG_WARN_OBJC_ROOT_CLASS = YES_ERROR;
				CLANG_WARN_QUOTED_INCLUDE_IN_FRAMEWORK_HEADER = YES;
				CLANG_WARN_RANGE_LOOP_ANALYSIS = YES;
				CLANG_WARN_STRICT_PROTOTYPES = YES;
				CLANG_WARN_SUSPICIOUS_MOVE = YES;
				CLANG_WARN_UNGUARDED_AVAILABILITY = YES_AGGRESSIVE;
				CLANG_WARN_UNREACHABLE_CODE = YES;
				CLANG_WARN__DUPLICATE_METHOD_MATCH = YES;
				COPY_PHASE_STRIP = NO;
				DEBUG_INFORMATION_FORMAT = "dwarf-with-dsym";
				ENABLE_NS_ASSERTIONS = NO;
				ENABLE_STRICT_OBJC_MSGSEND = YES;
				ENABLE_USER_SCRIPT_SANDBOXING = YES;
				GCC_C_LANGUAGE_STANDARD = gnu17;
				GCC_NO_COMMON_BLOCKS = YES;
				GCC_WARN_64_TO_32_BIT_CONVERSION = YES;
				GCC_WARN_ABOUT_RETURN_TYPE = YES_ERROR;
				GCC_WARN_UNDECLARED_SELECTOR = YES;
				GCC_WARN_UNINITIALIZED_AUTOS = YES_AGGRESSIVE;
				GCC_WARN_UNUSED_FUNCTION = YES;
				GCC_WARN_UNUSED_VARIABLE = YES;
				IPHONEOS_DEPLOYMENT_TARGET = 17.4;
				LOCALIZATION_PREFERS_STRING_CATALOGS = YES;
				MTL_ENABLE_DEBUG_INFO = NO;
				MTL_FAST_MATH = YES;
				SDKROOT = iphoneos;
				SWIFT_COMPILATION_MODE = wholemodule;
				VALIDATE_PRODUCT = YES;
			};
			name = Release;
		};
		413470162C0308E7008CED23 /* Debug */ = {
			isa = XCBuildConfiguration;
			buildSettings = {
				ASSETCATALOG_COMPILER_APPICON_NAME = AppIcon;
				ASSETCATALOG_COMPILER_GLOBAL_ACCENT_COLOR_NAME = AccentColor;
				CODE_SIGN_STYLE = Automatic;
				CURRENT_PROJECT_VERSION = 1;
				GENERATE_INFOPLIST_FILE = YES;
				INFOPLIST_FILE = ToDoListApp2024/Info.plist;
				INFOPLIST_KEY_UIApplicationSupportsIndirectInputEvents = YES;
				INFOPLIST_KEY_UILaunchStoryboardName = LaunchScreen;
				INFOPLIST_KEY_UIMainStoryboardFile = Main;
				INFOPLIST_KEY_UISupportedInterfaceOrientations_iPad = "UIInterfaceOrientationPortrait UIInterfaceOrientationPortraitUpsideDown UIInterfaceOrientationLandscapeLeft UIInterfaceOrientationLandscapeRight";
				INFOPLIST_KEY_UISupportedInterfaceOrientations_iPhone = "UIInterfaceOrientationPortrait UIInterfaceOrientationLandscapeLeft UIInterfaceOrientationLandscapeRight";
				LD_RUNPATH_SEARCH_PATHS = (
					"$(inherited)",
					"@executable_path/Frameworks",
				);
				MARKETING_VERSION = 1.0;
				PRODUCT_BUNDLE_IDENTIFIER = nhom4.ToDoListApp2024;
				PRODUCT_NAME = "$(TARGET_NAME)";
				SWIFT_EMIT_LOC_STRINGS = YES;
				SWIFT_VERSION = 5.0;
				TARGETED_DEVICE_FAMILY = "1,2";
			};
			name = Debug;
		};
		413470172C0308E7008CED23 /* Release */ = {
			isa = XCBuildConfiguration;
			buildSettings = {
				ASSETCATALOG_COMPILER_APPICON_NAME = AppIcon;
				ASSETCATALOG_COMPILER_GLOBAL_ACCENT_COLOR_NAME = AccentColor;
				CODE_SIGN_STYLE = Automatic;
				CURRENT_PROJECT_VERSION = 1;
				GENERATE_INFOPLIST_FILE = YES;
				INFOPLIST_FILE = ToDoListApp2024/Info.plist;
				INFOPLIST_KEY_UIApplicationSupportsIndirectInputEvents = YES;
				INFOPLIST_KEY_UILaunchStoryboardName = LaunchScreen;
				INFOPLIST_KEY_UIMainStoryboardFile = Main;
				INFOPLIST_KEY_UISupportedInterfaceOrientations_iPad = "UIInterfaceOrientationPortrait UIInterfaceOrientationPortraitUpsideDown UIInterfaceOrientationLandscapeLeft UIInterfaceOrientationLandscapeRight";
				INFOPLIST_KEY_UISupportedInterfaceOrientations_iPhone = "UIInterfaceOrientationPortrait UIInterfaceOrientationLandscapeLeft UIInterfaceOrientationLandscapeRight";
				LD_RUNPATH_SEARCH_PATHS = (
					"$(inherited)",
					"@executable_path/Frameworks",
				);
				MARKETING_VERSION = 1.0;
				PRODUCT_BUNDLE_IDENTIFIER = nhom4.ToDoListApp2024;
				PRODUCT_NAME = "$(TARGET_NAME)";
				SWIFT_EMIT_LOC_STRINGS = YES;
				SWIFT_VERSION = 5.0;
				TARGETED_DEVICE_FAMILY = "1,2";
			};
			name = Release;
		};
		413470192C0308E7008CED23 /* Debug */ = {
			isa = XCBuildConfiguration;
			buildSettings = {
				ALWAYS_EMBED_SWIFT_STANDARD_LIBRARIES = YES;
				BUNDLE_LOADER = "$(TEST_HOST)";
				CODE_SIGN_STYLE = Automatic;
				CURRENT_PROJECT_VERSION = 1;
				GENERATE_INFOPLIST_FILE = YES;
				IPHONEOS_DEPLOYMENT_TARGET = 17.4;
				MARKETING_VERSION = 1.0;
				PRODUCT_BUNDLE_IDENTIFIER = nhom4.ToDoListApp2024Tests;
				PRODUCT_NAME = "$(TARGET_NAME)";
				SWIFT_EMIT_LOC_STRINGS = NO;
				SWIFT_VERSION = 5.0;
				TARGETED_DEVICE_FAMILY = "1,2";
				TEST_HOST = "$(BUILT_PRODUCTS_DIR)/ToDoListApp2024.app/$(BUNDLE_EXECUTABLE_FOLDER_PATH)/ToDoListApp2024";
			};
			name = Debug;
		};
		4134701A2C0308E7008CED23 /* Release */ = {
			isa = XCBuildConfiguration;
			buildSettings = {
				ALWAYS_EMBED_SWIFT_STANDARD_LIBRARIES = YES;
				BUNDLE_LOADER = "$(TEST_HOST)";
				CODE_SIGN_STYLE = Automatic;
				CURRENT_PROJECT_VERSION = 1;
				GENERATE_INFOPLIST_FILE = YES;
				IPHONEOS_DEPLOYMENT_TARGET = 17.4;
				MARKETING_VERSION = 1.0;
				PRODUCT_BUNDLE_IDENTIFIER = nhom4.ToDoListApp2024Tests;
				PRODUCT_NAME = "$(TARGET_NAME)";
				SWIFT_EMIT_LOC_STRINGS = NO;
				SWIFT_VERSION = 5.0;
				TARGETED_DEVICE_FAMILY = "1,2";
				TEST_HOST = "$(BUILT_PRODUCTS_DIR)/ToDoListApp2024.app/$(BUNDLE_EXECUTABLE_FOLDER_PATH)/ToDoListApp2024";
			};
			name = Release;
		};
		4134701C2C0308E7008CED23 /* Debug */ = {
			isa = XCBuildConfiguration;
			buildSettings = {
				ALWAYS_EMBED_SWIFT_STANDARD_LIBRARIES = YES;
				CODE_SIGN_STYLE = Automatic;
				CURRENT_PROJECT_VERSION = 1;
				GENERATE_INFOPLIST_FILE = YES;
				MARKETING_VERSION = 1.0;
				PRODUCT_BUNDLE_IDENTIFIER = nhom4.ToDoListApp2024UITests;
				PRODUCT_NAME = "$(TARGET_NAME)";
				SWIFT_EMIT_LOC_STRINGS = NO;
				SWIFT_VERSION = 5.0;
				TARGETED_DEVICE_FAMILY = "1,2";
				TEST_TARGET_NAME = ToDoListApp2024;
			};
			name = Debug;
		};
		4134701D2C0308E7008CED23 /* Release */ = {
			isa = XCBuildConfiguration;
			buildSettings = {
				ALWAYS_EMBED_SWIFT_STANDARD_LIBRARIES = YES;
				CODE_SIGN_STYLE = Automatic;
				CURRENT_PROJECT_VERSION = 1;
				GENERATE_INFOPLIST_FILE = YES;
				MARKETING_VERSION = 1.0;
				PRODUCT_BUNDLE_IDENTIFIER = nhom4.ToDoListApp2024UITests;
				PRODUCT_NAME = "$(TARGET_NAME)";
				SWIFT_EMIT_LOC_STRINGS = NO;
				SWIFT_VERSION = 5.0;
				TARGETED_DEVICE_FAMILY = "1,2";
				TEST_TARGET_NAME = ToDoListApp2024;
			};
			name = Release;
		};
/* End XCBuildConfiguration section */

/* Begin XCConfigurationList section */
		41346FE62C0308E1008CED23 /* Build configuration list for PBXProject "ToDoListApp2024" */ = {
			isa = XCConfigurationList;
			buildConfigurations = (
				413470132C0308E7008CED23 /* Debug */,
				413470142C0308E7008CED23 /* Release */,
			);
			defaultConfigurationIsVisible = 0;
			defaultConfigurationName = Release;
		};
		413470152C0308E7008CED23 /* Build configuration list for PBXNativeTarget "ToDoListApp2024" */ = {
			isa = XCConfigurationList;
			buildConfigurations = (
				413470162C0308E7008CED23 /* Debug */,
				413470172C0308E7008CED23 /* Release */,
			);
			defaultConfigurationIsVisible = 0;
			defaultConfigurationName = Release;
		};
		413470182C0308E7008CED23 /* Build configuration list for PBXNativeTarget "ToDoListApp2024Tests" */ = {
			isa = XCConfigurationList;
			buildConfigurations = (
				413470192C0308E7008CED23 /* Debug */,
				4134701A2C0308E7008CED23 /* Release */,
			);
			defaultConfigurationIsVisible = 0;
			defaultConfigurationName = Release;
		};
		4134701B2C0308E7008CED23 /* Build configuration list for PBXNativeTarget "ToDoListApp2024UITests" */ = {
			isa = XCConfigurationList;
			buildConfigurations = (
				4134701C2C0308E7008CED23 /* Debug */,
				4134701D2C0308E7008CED23 /* Release */,
			);
			defaultConfigurationIsVisible = 0;
			defaultConfigurationName = Release;
		};
/* End XCConfigurationList section */
	};
	rootObject = 41346FE32C0308E1008CED23 /* Project object */;
}
